
Microsoft Visual Studio Solution File, Format Version 12.00
# Visual Studio Version 16
VisualStudioVersion = 16.6.30114.105
MinimumVisualStudioVersion = 10.0.40219.1
Project("{9A19103F-16F7-4668-BE54-9A1E7A4F7556}") = "SpellDemo", "SpellDemo\SpellDemo.csproj", "{E57FFB32-7F9B-41E4-A175-05E3D33CEFEC}"
EndProject
Project("{9A19103F-16F7-4668-BE54-9A1E7A4F7556}") = "TrieNet", "trienet\TrieNet.csproj", "{64C49077-9D79-43BD-98BC-079F31DFE68B}"
EndProject
Project("{9A19103F-16F7-4668-BE54-9A1E7A4F7556}") = "SymSpell", "SymSpell\SymSpell.csproj", "{DF2DA1DE-DC03-4C26-8A8C-45545F544315}"
EndProject
Project("{FAE04EC0-301F-11D3-BF4B-00C04F79EFBC}") = "indexer-leveled-kgram", "indexer-leveled-kgram\indexer-leveled-kgram.csproj", "{05402E13-9E07-4884-997A-3929D2DDE933}"
EndProject
Global
	GlobalSection(SolutionConfigurationPlatforms) = preSolution
		Debug|Any CPU = Debug|Any CPU
		Debug|x64 = Debug|x64
		Debug|x86 = Debug|x86
		Release|Any CPU = Release|Any CPU
		Release|x64 = Release|x64
		Release|x86 = Release|x86
	EndGlobalSection
	GlobalSection(ProjectConfigurationPlatforms) = postSolution
		{E57FFB32-7F9B-41E4-A175-05E3D33CEFEC}.Debug|Any CPU.ActiveCfg = Debug|Any CPU
		{E57FFB32-7F9B-41E4-A175-05E3D33CEFEC}.Debug|Any CPU.Build.0 = Debug|Any CPU
		{E57FFB32-7F9B-41E4-A175-05E3D33CEFEC}.Debug|x64.ActiveCfg = Debug|Any CPU
		{E57FFB32-7F9B-41E4-A175-05E3D33CEFEC}.Debug|x64.Build.0 = Debug|Any CPU
		{E57FFB32-7F9B-41E4-A175-05E3D33CEFEC}.Debug|x86.ActiveCfg = Debug|Any CPU
		{E57FFB32-7F9B-41E4-A175-05E3D33CEFEC}.Debug|x86.Build.0 = Debug|Any CPU
		{E57FFB32-7F9B-41E4-A175-05E3D33CEFEC}.Release|Any CPU.ActiveCfg = Release|Any CPU
		{E57FFB32-7F9B-41E4-A175-05E3D33CEFEC}.Release|Any CPU.Build.0 = Release|Any CPU
		{E57FFB32-7F9B-41E4-A175-05E3D33CEFEC}.Release|x64.ActiveCfg = Release|Any CPU
		{E57FFB32-7F9B-41E4-A175-05E3D33CEFEC}.Release|x64.Build.0 = Release|Any CPU
		{E57FFB32-7F9B-41E4-A175-05E3D33CEFEC}.Release|x86.ActiveCfg = Release|Any CPU
		{E57FFB32-7F9B-41E4-A175-05E3D33CEFEC}.Release|x86.Build.0 = Release|Any CPU
		{64C49077-9D79-43BD-98BC-079F31DFE68B}.Debug|Any CPU.ActiveCfg = Debug|Any CPU
		{64C49077-9D79-43BD-98BC-079F31DFE68B}.Debug|Any CPU.Build.0 = Debug|Any CPU
		{64C49077-9D79-43BD-98BC-079F31DFE68B}.Debug|x64.ActiveCfg = Debug|Any CPU
		{64C49077-9D79-43BD-98BC-079F31DFE68B}.Debug|x64.Build.0 = Debug|Any CPU
		{64C49077-9D79-43BD-98BC-079F31DFE68B}.Debug|x86.ActiveCfg = Debug|Any CPU
		{64C49077-9D79-43BD-98BC-079F31DFE68B}.Debug|x86.Build.0 = Debug|Any CPU
		{64C49077-9D79-43BD-98BC-079F31DFE68B}.Release|Any CPU.ActiveCfg = Release|Any CPU
		{64C49077-9D79-43BD-98BC-079F31DFE68B}.Release|Any CPU.Build.0 = Release|Any CPU
		{64C49077-9D79-43BD-98BC-079F31DFE68B}.Release|x64.ActiveCfg = Release|Any CPU
		{64C49077-9D79-43BD-98BC-079F31DFE68B}.Release|x64.Build.0 = Release|Any CPU
		{64C49077-9D79-43BD-98BC-079F31DFE68B}.Release|x86.ActiveCfg = Release|Any CPU
		{64C49077-9D79-43BD-98BC-079F31DFE68B}.Release|x86.Build.0 = Release|Any CPU
		{DF2DA1DE-DC03-4C26-8A8C-45545F544315}.Debug|Any CPU.ActiveCfg = Debug|Any CPU
		{DF2DA1DE-DC03-4C26-8A8C-45545F544315}.Debug|Any CPU.Build.0 = Debug|Any CPU
		{DF2DA1DE-DC03-4C26-8A8C-45545F544315}.Debug|x64.ActiveCfg = Debug|Any CPU
		{DF2DA1DE-DC03-4C26-8A8C-45545F544315}.Debug|x64.Build.0 = Debug|Any CPU
		{DF2DA1DE-DC03-4C26-8A8C-45545F544315}.Debug|x86.ActiveCfg = Debug|Any CPU
		{DF2DA1DE-DC03-4C26-8A8C-45545F544315}.Debug|x86.Build.0 = Debug|Any CPU
		{DF2DA1DE-DC03-4C26-8A8C-45545F544315}.Release|Any CPU.ActiveCfg = Release|Any CPU
		{DF2DA1DE-DC03-4C26-8A8C-45545F544315}.Release|Any CPU.Build.0 = Release|Any CPU
		{DF2DA1DE-DC03-4C26-8A8C-45545F544315}.Release|x64.ActiveCfg = Release|Any CPU
		{DF2DA1DE-DC03-4C26-8A8C-45545F544315}.Release|x64.Build.0 = Release|Any CPU
		{DF2DA1DE-DC03-4C26-8A8C-45545F544315}.Release|x86.ActiveCfg = Release|Any CPU
		{DF2DA1DE-DC03-4C26-8A8C-45545F544315}.Release|x86.Build.0 = Release|Any CPU
		{05402E13-9E07-4884-997A-3929D2DDE933}.Debug|Any CPU.ActiveCfg = Debug|Any CPU
		{05402E13-9E07-4884-997A-3929D2DDE933}.Debug|Any CPU.Build.0 = Debug|Any CPU
		{05402E13-9E07-4884-997A-3929D2DDE933}.Debug|x64.ActiveCfg = Debug|Any CPU
		{05402E13-9E07-4884-997A-3929D2DDE933}.Debug|x64.Build.0 = Debug|Any CPU
		{05402E13-9E07-4884-997A-3929D2DDE933}.Debug|x86.ActiveCfg = Debug|Any CPU
		{05402E13-9E07-4884-997A-3929D2DDE933}.Debug|x86.Build.0 = Debug|Any CPU
		{05402E13-9E07-4884-997A-3929D2DDE933}.Release|Any CPU.ActiveCfg = Release|Any CPU
		{05402E13-9E07-4884-997A-3929D2DDE933}.Release|Any CPU.Build.0 = Release|Any CPU
		{05402E13-9E07-4884-997A-3929D2DDE933}.Release|x64.ActiveCfg = Release|Any CPU
		{05402E13-9E07-4884-997A-3929D2DDE933}.Release|x64.Build.0 = Release|Any CPU
		{05402E13-9E07-4884-997A-3929D2DDE933}.Release|x86.ActiveCfg = Release|Any CPU
		{05402E13-9E07-4884-997A-3929D2DDE933}.Release|x86.Build.0 = Release|Any CPU
	EndGlobalSection
	GlobalSection(SolutionProperties) = preSolution
		HideSolutionNode = FALSE
	EndGlobalSection
	GlobalSection(ExtensibilityGlobals) = postSolution
		SolutionGuid = {B1C9CCB0-9121-496B-8AC5-229F4B9309EB}
	EndGlobalSection
EndGlobal
